// !$*UTF8*$!
{
	archiveVersion = 1;
	classes = {
	};
	objectVersion = 50;
	objects = {

/* Begin PBXBuildFile section */
		397A027721240AF900298C5A /* SDAVAssetExportSession.m in Sources */ = {isa = PBXBuildFile; fileRef = 397A027621240AF900298C5A /* SDAVAssetExportSession.m */; };
		398C1A652122F1E700E7BF4B /* AppDelegate.swift in Sources */ = {isa = PBXBuildFile; fileRef = 398C1A642122F1E700E7BF4B /* AppDelegate.swift */; };
		398C1A672122F1E700E7BF4B /* ViewController.swift in Sources */ = {isa = PBXBuildFile; fileRef = 398C1A662122F1E700E7BF4B /* ViewController.swift */; };
		398C1A6A2122F1E700E7BF4B /* Main.storyboard in Resources */ = {isa = PBXBuildFile; fileRef = 398C1A682122F1E700E7BF4B /* Main.storyboard */; };
		398C1A6C2122F1E800E7BF4B /* Assets.xcassets in Resources */ = {isa = PBXBuildFile; fileRef = 398C1A6B2122F1E800E7BF4B /* Assets.xcassets */; };
		398C1A6F2122F1E800E7BF4B /* LaunchScreen.storyboard in Resources */ = {isa = PBXBuildFile; fileRef = 398C1A6D2122F1E800E7BF4B /* LaunchScreen.storyboard */; };
		398C1A782122F3CC00E7BF4B /* VideosListController.swift in Sources */ = {isa = PBXBuildFile; fileRef = 398C1A772122F3CC00E7BF4B /* VideosListController.swift */; };
		398C1A7A212307F900E7BF4B /* VideoProcessor.swift in Sources */ = {isa = PBXBuildFile; fileRef = 398C1A79212307F900E7BF4B /* VideoProcessor.swift */; };
/* End PBXBuildFile section */

/* Begin PBXFileReference section */
		397A027421240AF700298C5A /* PreUploadVideoProcessor-Bridging-Header.h */ = {isa = PBXFileReference; lastKnownFileType = sourcecode.c.h; path = "PreUploadVideoProcessor-Bridging-Header.h"; sourceTree = "<group>"; };
		397A027521240AF900298C5A /* SDAVAssetExportSession.h */ = {isa = PBXFileReference; fileEncoding = 4; lastKnownFileType = sourcecode.c.h; path = SDAVAssetExportSession.h; sourceTree = "<group>"; };
		397A027621240AF900298C5A /* SDAVAssetExportSession.m */ = {isa = PBXFileReference; fileEncoding = 4; lastKnownFileType = sourcecode.c.objc; path = SDAVAssetExportSession.m; sourceTree = "<group>"; };
		398C1A612122F1E700E7BF4B /* PreUploadVideoProcessor.app */ = {isa = PBXFileReference; explicitFileType = wrapper.application; includeInIndex = 0; path = PreUploadVideoProcessor.app; sourceTree = BUILT_PRODUCTS_DIR; };
		398C1A642122F1E700E7BF4B /* AppDelegate.swift */ = {isa = PBXFileReference; lastKnownFileType = sourcecode.swift; path = AppDelegate.swift; sourceTree = "<group>"; };
		398C1A662122F1E700E7BF4B /* ViewController.swift */ = {isa = PBXFileReference; lastKnownFileType = sourcecode.swift; path = ViewController.swift; sourceTree = "<group>"; };
		398C1A692122F1E700E7BF4B /* Base */ = {isa = PBXFileReference; lastKnownFileType = file.storyboard; name = Base; path = Base.lproj/Main.storyboard; sourceTree = "<group>"; };
		398C1A6B2122F1E800E7BF4B /* Assets.xcassets */ = {isa = PBXFileReference; lastKnownFileType = folder.assetcatalog; path = Assets.xcassets; sourceTree = "<group>"; };
		398C1A6E2122F1E800E7BF4B /* Base */ = {isa = PBXFileReference; lastKnownFileType = file.storyboard; name = Base; path = Base.lproj/LaunchScreen.storyboard; sourceTree = "<group>"; };
		398C1A702122F1E800E7BF4B /* Info.plist */ = {isa = PBXFileReference; lastKnownFileType = text.plist.xml; path = Info.plist; sourceTree = "<group>"; };
		398C1A772122F3CC00E7BF4B /* VideosListController.swift */ = {isa = PBXFileReference; lastKnownFileType = sourcecode.swift; path = VideosListController.swift; sourceTree = "<group>"; };
		398C1A79212307F900E7BF4B /* VideoProcessor.swift */ = {isa = PBXFileReference; lastKnownFileType = sourcecode.swift; path = VideoProcessor.swift; sourceTree = "<group>"; };
/* End PBXFileReference section */

/* Begin PBXFrameworksBuildPhase section */
		398C1A5E2122F1E700E7BF4B /* Frameworks */ = {
			isa = PBXFrameworksBuildPhase;
			buildActionMask = 2147483647;
			files = (
			);
			runOnlyForDeploymentPostprocessing = 0;
		};
/* End PBXFrameworksBuildPhase section */

/* Begin PBXGroup section */
		398C1A582122F1E700E7BF4B = {
			isa = PBXGroup;
			children = (
				398C1A632122F1E700E7BF4B /* PreUploadVideoProcessor */,
				398C1A622122F1E700E7BF4B /* Products */,
			);
			sourceTree = "<group>";
		};
		398C1A622122F1E700E7BF4B /* Products */ = {
			isa = PBXGroup;
			children = (
				398C1A612122F1E700E7BF4B /* PreUploadVideoProcessor.app */,
			);
			name = Products;
			sourceTree = "<group>";
		};
		398C1A632122F1E700E7BF4B /* PreUploadVideoProcessor */ = {
			isa = PBXGroup;
			children = (
				397A027521240AF900298C5A /* SDAVAssetExportSession.h */,
				397A027621240AF900298C5A /* SDAVAssetExportSession.m */,
				398C1A762122F28700E7BF4B /* ProcessingQueue */,
				398C1A642122F1E700E7BF4B /* AppDelegate.swift */,
				398C1A662122F1E700E7BF4B /* ViewController.swift */,
				398C1A682122F1E700E7BF4B /* Main.storyboard */,
				398C1A6B2122F1E800E7BF4B /* Assets.xcassets */,
				398C1A6D2122F1E800E7BF4B /* LaunchScreen.storyboard */,
				398C1A702122F1E800E7BF4B /* Info.plist */,
				397A027421240AF700298C5A /* PreUploadVideoProcessor-Bridging-Header.h */,
			);
			path = PreUploadVideoProcessor;
			sourceTree = "<group>";
		};
		398C1A762122F28700E7BF4B /* ProcessingQueue */ = {
			isa = PBXGroup;
			children = (
				398C1A772122F3CC00E7BF4B /* VideosListController.swift */,
				398C1A79212307F900E7BF4B /* VideoProcessor.swift */,
			);
			path = ProcessingQueue;
			sourceTree = "<group>";
		};
/* End PBXGroup section */

/* Begin PBXNativeTarget section */
		398C1A602122F1E700E7BF4B /* PreUploadVideoProcessor */ = {
			isa = PBXNativeTarget;
			buildConfigurationList = 398C1A732122F1E800E7BF4B /* Build configuration list for PBXNativeTarget "PreUploadVideoProcessor" */;
			buildPhases = (
				398C1A5D2122F1E700E7BF4B /* Sources */,
				398C1A5E2122F1E700E7BF4B /* Frameworks */,
				398C1A5F2122F1E700E7BF4B /* Resources */,
			);
			buildRules = (
			);
			dependencies = (
			);
			name = PreUploadVideoProcessor;
			productName = PreUploadVideoProcessor;
			productReference = 398C1A612122F1E700E7BF4B /* PreUploadVideoProcessor.app */;
			productType = "com.apple.product-type.application";
		};
/* End PBXNativeTarget section */

/* Begin PBXProject section */
		398C1A592122F1E700E7BF4B /* Project object */ = {
			isa = PBXProject;
			attributes = {
				LastSwiftUpdateCheck = 0940;
				LastUpgradeCheck = 0940;
				ORGANIZATIONNAME = "Sergey Petrachkov";
				TargetAttributes = {
					398C1A602122F1E700E7BF4B = {
						CreatedOnToolsVersion = 9.4.1;
						LastSwiftMigration = 0940;
					};
				};
			};
			buildConfigurationList = 398C1A5C2122F1E700E7BF4B /* Build configuration list for PBXProject "PreUploadVideoProcessor" */;
			compatibilityVersion = "Xcode 9.3";
			developmentRegion = en;
			hasScannedForEncodings = 0;
			knownRegions = (
				en,
				Base,
			);
			mainGroup = 398C1A582122F1E700E7BF4B;
			productRefGroup = 398C1A622122F1E700E7BF4B /* Products */;
			projectDirPath = "";
			projectRoot = "";
			targets = (
				398C1A602122F1E700E7BF4B /* PreUploadVideoProcessor */,
			);
		};
/* End PBXProject section */

/* Begin PBXResourcesBuildPhase section */
		398C1A5F2122F1E700E7BF4B /* Resources */ = {
			isa = PBXResourcesBuildPhase;
			buildActionMask = 2147483647;
			files = (
				398C1A6F2122F1E800E7BF4B /* LaunchScreen.storyboard in Resources */,
				398C1A6C2122F1E800E7BF4B /* Assets.xcassets in Resources */,
				398C1A6A2122F1E700E7BF4B /* Main.storyboard in Resources */,
			);
			runOnlyForDeploymentPostprocessing = 0;
		};
/* End PBXResourcesBuildPhase section */

/* Begin PBXSourcesBuildPhase section */
		398C1A5D2122F1E700E7BF4B /* Sources */ = {
			isa = PBXSourcesBuildPhase;
			buildActionMask = 2147483647;
			files = (
				397A027721240AF900298C5A /* SDAVAssetExportSession.m in Sources */,
				398C1A672122F1E700E7BF4B /* ViewController.swift in Sources */,
				398C1A652122F1E700E7BF4B /* AppDelegate.swift in Sources */,
				398C1A7A212307F900E7BF4B /* VideoProcessor.swift in Sources */,
				398C1A782122F3CC00E7BF4B /* VideosListController.swift in Sources */,
			);
			runOnlyForDeploymentPostprocessing = 0;
		};
/* End PBXSourcesBuildPhase section */

/* Begin PBXVariantGroup section */
		398C1A682122F1E700E7BF4B /* Main.storyboard */ = {
			isa = PBXVariantGroup;
			children = (
				398C1A692122F1E700E7BF4B /* Base */,
			);
			name = Main.storyboard;
			sourceTree = "<group>";
		};
		398C1A6D2122F1E800E7BF4B /* LaunchScreen.storyboard */ = {
			isa = PBXVariantGroup;
			children = (
				398C1A6E2122F1E800E7BF4B /* Base */,
			);
			name = LaunchScreen.storyboard;
			sourceTree = "<group>";
		};
/* End PBXVariantGroup section */

/* Begin XCBuildConfiguration section */
		398C1A712122F1E800E7BF4B /* Debug */ = {
			isa = XCBuildConfiguration;
			buildSettings = {
				ALWAYS_SEARCH_USER_PATHS = NO;
				CLANG_ANALYZER_NONNULL = YES;
				CLANG_ANALYZER_NUMBER_OBJECT_CONVERSION = YES_AGGRESSIVE;
				CLANG_CXX_LANGUAGE_STANDARD = "gnu++14";
				CLANG_CXX_LIBRARY = "libc++";
				CLANG_ENABLE_MODULES = YES;
				CLANG_ENABLE_OBJC_ARC = YES;
				CLANG_ENABLE_OBJC_WEAK = YES;
				CLANG_WARN_BLOCK_CAPTURE_AUTORELEASING = YES;
				CLANG_WARN_BOOL_CONVERSION = YES;
				CLANG_WARN_COMMA = YES;
				CLANG_WARN_CONSTANT_CONVERSION = YES;
				CLANG_WARN_DEPRECATED_OBJC_IMPLEMENTATIONS = YES;
				CLANG_WARN_DIRECT_OBJC_ISA_USAGE = YES_ERROR;
				CLANG_WARN_DOCUMENTATION_COMMENTS = YES;
				CLANG_WARN_EMPTY_BODY = YES;
				CLANG_WARN_ENUM_CONVERSION = YES;
				CLANG_WARN_INFINITE_RECURSION = YES;
				CLANG_WARN_INT_CONVERSION = YES;
				CLANG_WARN_NON_LITERAL_NULL_CONVERSION = YES;
				CLANG_WARN_OBJC_IMPLICIT_RETAIN_SELF = YES;
				CLANG_WARN_OBJC_LITERAL_CONVERSION = YES;
				CLANG_WARN_OBJC_ROOT_CLASS = YES_ERROR;
				CLANG_WARN_RANGE_LOOP_ANALYSIS = YES;
				CLANG_WARN_STRICT_PROTOTYPES = YES;
				CLANG_WARN_SUSPICIOUS_MOVE = YES;
				CLANG_WARN_UNGUARDED_AVAILABILITY = YES_AGGRESSIVE;
				CLANG_WARN_UNREACHABLE_CODE = YES;
				CLANG_WARN__DUPLICATE_METHOD_MATCH = YES;
				CODE_SIGN_IDENTITY = "iPhone Developer";
				COPY_PHASE_STRIP = NO;
				DEBUG_INFORMATION_FORMAT = dwarf;
				ENABLE_STRICT_OBJC_MSGSEND = YES;
				ENABLE_TESTABILITY = YES;
				GCC_C_LANGUAGE_STANDARD = gnu11;
				GCC_DYNAMIC_NO_PIC = NO;
				GCC_NO_COMMON_BLOCKS = YES;
				GCC_OPTIMIZATION_LEVEL = 0;
				GCC_PREPROCESSOR_DEFINITIONS = (
					"DEBUG=1",
					"$(inherited)",
				);
				GCC_WARN_64_TO_32_BIT_CONVERSION = YES;
				GCC_WARN_ABOUT_RETURN_TYPE = YES_ERROR;
				GCC_WARN_UNDECLARED_SELECTOR = YES;
				GCC_WARN_UNINITIALIZED_AUTOS = YES_AGGRESSIVE;
				GCC_WARN_UNUSED_FUNCTION = YES;
				GCC_WARN_UNUSED_VARIABLE = YES;
				IPHONEOS_DEPLOYMENT_TARGET = 11.4;
				MTL_ENABLE_DEBUG_INFO = YES;
				ONLY_ACTIVE_ARCH = YES;
				SDKROOT = iphoneos;
				SWIFT_ACTIVE_COMPILATION_CONDITIONS = DEBUG;
				SWIFT_OPTIMIZATION_LEVEL = "-Onone";
			};
			name = Debug;
		};
		398C1A722122F1E800E7BF4B /* Release */ = {
			isa = XCBuildConfiguration;
			buildSettings = {
				ALWAYS_SEARCH_USER_PATHS = NO;
				CLANG_ANALYZER_NONNULL = YES;
				CLANG_ANALYZER_NUMBER_OBJECT_CONVERSION = YES_AGGRESSIVE;
				CLANG_CXX_LANGUAGE_STANDARD = "gnu++14";
				CLANG_CXX_LIBRARY = "libc++";
				CLANG_ENABLE_MODULES = YES;
				CLANG_ENABLE_OBJC_ARC = YES;
				CLANG_ENABLE_OBJC_WEAK = YES;
				CLANG_WARN_BLOCK_CAPTURE_AUTORELEASING = YES;
				CLANG_WARN_BOOL_CONVERSION = YES;
				CLANG_WARN_COMMA = YES;
				CLANG_WARN_CONSTANT_CONVERSION = YES;
				CLANG_WARN_DEPRECATED_OBJC_IMPLEMENTATIONS = YES;
				CLANG_WARN_DIRECT_OBJC_ISA_USAGE = YES_ERROR;
				CLANG_WARN_DOCUMENTATION_COMMENTS = YES;
				CLANG_WARN_EMPTY_BODY = YES;
				CLANG_WARN_ENUM_CONVERSION = YES;
				CLANG_WARN_INFINITE_RECURSION = YES;
				CLANG_WARN_INT_CONVERSION = YES;
				CLANG_WARN_NON_LITERAL_NULL_CONVERSION = YES;
				CLANG_WARN_OBJC_IMPLICIT_RETAIN_SELF = YES;
				CLANG_WARN_OBJC_LITERAL_CONVERSION = YES;
				CLANG_WARN_OBJC_ROOT_CLASS = YES_ERROR;
				CLANG_WARN_RANGE_LOOP_ANALYSIS = YES;
				CLANG_WARN_STRICT_PROTOTYPES = YES;
				CLANG_WARN_SUSPICIOUS_MOVE = YES;
				CLANG_WARN_UNGUARDED_AVAILABILITY = YES_AGGRESSIVE;
				CLANG_WARN_UNREACHABLE_CODE = YES;
				CLANG_WARN__DUPLICATE_METHOD_MATCH = YES;
				CODE_SIGN_IDENTITY = "iPhone Developer";
				COPY_PHASE_STRIP = NO;
				DEBUG_INFORMATION_FORMAT = "dwarf-with-dsym";
				ENABLE_NS_ASSERTIONS = NO;
				ENABLE_STRICT_OBJC_MSGSEND = YES;
				GCC_C_LANGUAGE_STANDARD = gnu11;
				GCC_NO_COMMON_BLOCKS = YES;
				GCC_WARN_64_TO_32_BIT_CONVERSION = YES;
				GCC_WARN_ABOUT_RETURN_TYPE = YES_ERROR;
				GCC_WARN_UNDECLARED_SELECTOR = YES;
				GCC_WARN_UNINITIALIZED_AUTOS = YES_AGGRESSIVE;
				GCC_WARN_UNUSED_FUNCTION = YES;
				GCC_WARN_UNUSED_VARIABLE = YES;
				IPHONEOS_DEPLOYMENT_TARGET = 11.4;
				MTL_ENABLE_DEBUG_INFO = NO;
				SDKROOT = iphoneos;
				SWIFT_COMPILATION_MODE = wholemodule;
				SWIFT_OPTIMIZATION_LEVEL = "-O";
				VALIDATE_PRODUCT = YES;
			};
			name = Release;
		};
		398C1A742122F1E800E7BF4B /* Debug */ = {
			isa = XCBuildConfiguration;
			buildSettings = {
				ASSETCATALOG_COMPILER_APPICON_NAME = AppIcon;
				CLANG_ENABLE_MODULES = YES;
				CODE_SIGN_STYLE = Automatic;
				DEVELOPMENT_TEAM = TVTBG99HF3;
				INFOPLIST_FILE = PreUploadVideoProcessor/Info.plist;
				LD_RUNPATH_SEARCH_PATHS = (
					"$(inherited)",
					"@executable_path/Frameworks",
				);
				PRODUCT_BUNDLE_IDENTIFIER = com.westcoastit.PreUploadVideoProcessor;
				PRODUCT_NAME = "$(TARGET_NAME)";
				SWIFT_OBJC_BRIDGING_HEADER = "PreUploadVideoProcessor/PreUploadVideoProcessor-Bridging-Header.h";
				SWIFT_OPTIMIZATION_LEVEL = "-Onone";
				SWIFT_VERSION = 4.0;
				TARGETED_DEVICE_FAMILY = "1,2";
			};
			name = Debug;
		};
		398C1A752122F1E800E7BF4B /* Release */ = {
			isa = XCBuildConfiguration;
			buildSettings = {
				ASSETCATALOG_COMPILER_APPICON_NAME = AppIcon;
				CLANG_ENABLE_MODULES = YES;
				CODE_SIGN_STYLE = Automatic;
				DEVELOPMENT_TEAM = TVTBG99HF3;
				INFOPLIST_FILE = PreUploadVideoProcessor/Info.plist;
				LD_RUNPATH_SEARCH_PATHS = (
					"$(inherited)",
					"@executable_path/Frameworks",
				);
				PRODUCT_BUNDLE_IDENTIFIER = com.westcoastit.PreUploadVideoProcessor;
				PRODUCT_NAME = "$(TARGET_NAME)";
				SWIFT_OBJC_BRIDGING_HEADER = "PreUploadVideoProcessor/PreUploadVideoProcessor-Bridging-Header.h";
				SWIFT_VERSION = 4.0;
				TARGETED_DEVICE_FAMILY = "1,2";
			};
			name = Release;
		};
/* End XCBuildConfiguration section */

/* Begin XCConfigurationList section */
		398C1A5C2122F1E700E7BF4B /* Build configuration list for PBXProject "PreUploadVideoProcessor" */ = {
			isa = XCConfigurationList;
			buildConfigurations = (
				398C1A712122F1E800E7BF4B /* Debug */,
				398C1A722122F1E800E7BF4B /* Release */,
			);
			defaultConfigurationIsVisible = 0;
			defaultConfigurationName = Release;
		};
		398C1A732122F1E800E7BF4B /* Build configuration list for PBXNativeTarget "PreUploadVideoProcessor" */ = {
			isa = XCConfigurationList;
			buildConfigurations = (
				398C1A742122F1E800E7BF4B /* Debug */,
				398C1A752122F1E800E7BF4B /* Release */,
			);
			defaultConfigurationIsVisible = 0;
			defaultConfigurationName = Release;
		};
/* End XCConfigurationList section */
	};
	rootObject = 398C1A592122F1E700E7BF4B /* Project object */;
}
